
Microsoft Visual Studio Solution File, Format Version 12.00
# Visual Studio 15
VisualStudioVersion = 15.0.28307.489
MinimumVisualStudioVersion = 10.0.40219.1
Project("{9A19103F-16F7-4668-BE54-9A1E7A4F7556}") = "RazorPagesMovie", "RazorPagesMovie\RazorPagesMovie.csproj", "{5B32C1DF-4708-4255-B527-498189DA524A}"
EndProject
Project("{9A19103F-16F7-4668-BE54-9A1E7A4F7556}") = "MvcMovie", "MvcMovie\MvcMovie.csproj", "{7D8BB275-75D7-47D1-948F-3ACCD4CA39CE}"
EndProject
Project("{FAE04EC0-301F-11D3-BF4B-00C04F79EFBC}") = "TodoApi", "TodoApi\TodoApi.csproj", "{696D9DC2-6AEB-46A4-931B-DDF81133559F}"
EndProject
Global
	GlobalSection(SolutionConfigurationPlatforms) = preSolution
		Debug|Any CPU = Debug|Any CPU
		Release|Any CPU = Release|Any CPU
	EndGlobalSection
	GlobalSection(ProjectConfigurationPlatforms) = postSolution
		{5B32C1DF-4708-4255-B527-498189DA524A}.Debug|Any CPU.ActiveCfg = Debug|Any CPU
		{5B32C1DF-4708-4255-B527-498189DA524A}.Debug|Any CPU.Build.0 = Debug|Any CPU
		{5B32C1DF-4708-4255-B527-498189DA524A}.Release|Any CPU.ActiveCfg = Release|Any CPU
		{5B32C1DF-4708-4255-B527-498189DA524A}.Release|Any CPU.Build.0 = Release|Any CPU
		{7D8BB275-75D7-47D1-948F-3ACCD4CA39CE}.Debug|Any CPU.ActiveCfg = Debug|Any CPU
		{7D8BB275-75D7-47D1-948F-3ACCD4CA39CE}.Debug|Any CPU.Build.0 = Debug|Any CPU
		{7D8BB275-75D7-47D1-948F-3ACCD4CA39CE}.Release|Any CPU.ActiveCfg = Release|Any CPU
		{7D8BB275-75D7-47D1-948F-3ACCD4CA39CE}.Release|Any CPU.Build.0 = Release|Any CPU
		{696D9DC2-6AEB-46A4-931B-DDF81133559F}.Debug|Any CPU.ActiveCfg = Debug|Any CPU
		{696D9DC2-6AEB-46A4-931B-DDF81133559F}.Debug|Any CPU.Build.0 = Debug|Any CPU
		{696D9DC2-6AEB-46A4-931B-DDF81133559F}.Release|Any CPU.ActiveCfg = Release|Any CPU
		{696D9DC2-6AEB-46A4-931B-DDF81133559F}.Release|Any CPU.Build.0 = Release|Any CPU
	EndGlobalSection
	GlobalSection(SolutionProperties) = preSolution
		HideSolutionNode = FALSE
	EndGlobalSection
	GlobalSection(ExtensibilityGlobals) = postSolution
		SolutionGuid = {BC2CA99F-69AD-4B97-889F-1FFE0C40E90E}
	EndGlobalSection
EndGlobal
